<?xml version="1.0" encoding="utf-8"?>
<Project ToolsVersion="4.0" xmlns="http://schemas.microsoft.com/developer/msbuild/2003">
  <ItemGroup>
    <Filter Include="Forward">
      <UniqueIdentifier>{3AAE6A1B-A68D-E9B6-AFA5-748D1B045018}</UniqueIdentifier>
    </Filter>
  </ItemGroup>
  <ItemGroup>
    <ClInclude Include="src\Forward.h" />
    <ClInclude Include="src\Forward\Application.h">
      <Filter>Forward</Filter>
    </ClInclude>
    <ClInclude Include="src\Forward\Core.h">
      <Filter>Forward</Filter>
    </ClInclude>
    <ClInclude Include="src\Forward\EntryPoint.h">
      <Filter>Forward</Filter>
    </ClInclude>
    <ClInclude Include="src\Forward\Log.h">
      <Filter>Forward</Filter>
    </ClInclude>
  </ItemGroup>
  <ItemGroup>
    <ClCompile Include="src\Forward\Application.cpp">
      <Filter>Forward</Filter>
    </ClCompile>
    <ClCompile Include="src\Forward\Log.cpp">
      <Filter>Forward</Filter>
    </ClCompile>
  </ItemGroup>
</Project>